
Microsoft Visual Studio Solution File, Format Version 12.00
# Visual Studio 15
VisualStudioVersion = 15.0.28010.0
MinimumVisualStudioVersion = 10.0.40219.1
Project("{9A19103F-16F7-4668-BE54-9A1E7A4F7556}") = "Sol3.net", "Sol3.net\Sol3.net.csproj", "{B50269CB-ABB0-4847-8543-059A33453F6E}"
EndProject
Project("{2150E333-8FDC-42A3-9474-1A3956D46DE8}") = "Infrastructure", "Infrastructure", "{FCC13442-B645-4EE1-8F05-9CEF4D96070F}"
EndProject
Project("{9A19103F-16F7-4668-BE54-9A1E7A4F7556}") = "Sol3.Infrastructure", "Sol3.Infrastructure\Sol3.Infrastructure.csproj", "{2B1419CE-8CB5-4A14-ADA2-8D226EA7D8E3}"
EndProject
Project("{9A19103F-16F7-4668-BE54-9A1E7A4F7556}") = "Sol3.Infrastructure.IoT", "Sol3.Infrastructure.IoT\Sol3.Infrastructure.IoT.csproj", "{E04A45D8-9BE2-4B6B-B640-D347350647F3}"
EndProject
Project("{FAE04EC0-301F-11D3-BF4B-00C04F79EFBC}") = "Sol3.Infrastructure.Web", "Sol3.Infrastructure.Web\Sol3.Infrastructure.Web.csproj", "{0ECD4A19-556A-4EC9-B2DE-2FA14426C696}"
EndProject
Global
	GlobalSection(SolutionConfigurationPlatforms) = preSolution
		Debug|Any CPU = Debug|Any CPU
		Release|Any CPU = Release|Any CPU
	EndGlobalSection
	GlobalSection(ProjectConfigurationPlatforms) = postSolution
		{B50269CB-ABB0-4847-8543-059A33453F6E}.Debug|Any CPU.ActiveCfg = Debug|Any CPU
		{B50269CB-ABB0-4847-8543-059A33453F6E}.Debug|Any CPU.Build.0 = Debug|Any CPU
		{B50269CB-ABB0-4847-8543-059A33453F6E}.Release|Any CPU.ActiveCfg = Release|Any CPU
		{B50269CB-ABB0-4847-8543-059A33453F6E}.Release|Any CPU.Build.0 = Release|Any CPU
		{2B1419CE-8CB5-4A14-ADA2-8D226EA7D8E3}.Debug|Any CPU.ActiveCfg = Debug|Any CPU
		{2B1419CE-8CB5-4A14-ADA2-8D226EA7D8E3}.Debug|Any CPU.Build.0 = Debug|Any CPU
		{2B1419CE-8CB5-4A14-ADA2-8D226EA7D8E3}.Release|Any CPU.ActiveCfg = Release|Any CPU
		{2B1419CE-8CB5-4A14-ADA2-8D226EA7D8E3}.Release|Any CPU.Build.0 = Release|Any CPU
		{E04A45D8-9BE2-4B6B-B640-D347350647F3}.Debug|Any CPU.ActiveCfg = Debug|Any CPU
		{E04A45D8-9BE2-4B6B-B640-D347350647F3}.Debug|Any CPU.Build.0 = Debug|Any CPU
		{E04A45D8-9BE2-4B6B-B640-D347350647F3}.Release|Any CPU.ActiveCfg = Release|Any CPU
		{E04A45D8-9BE2-4B6B-B640-D347350647F3}.Release|Any CPU.Build.0 = Release|Any CPU
		{0ECD4A19-556A-4EC9-B2DE-2FA14426C696}.Debug|Any CPU.ActiveCfg = Debug|Any CPU
		{0ECD4A19-556A-4EC9-B2DE-2FA14426C696}.Debug|Any CPU.Build.0 = Debug|Any CPU
		{0ECD4A19-556A-4EC9-B2DE-2FA14426C696}.Release|Any CPU.ActiveCfg = Release|Any CPU
		{0ECD4A19-556A-4EC9-B2DE-2FA14426C696}.Release|Any CPU.Build.0 = Release|Any CPU
	EndGlobalSection
	GlobalSection(SolutionProperties) = preSolution
		HideSolutionNode = FALSE
	EndGlobalSection
	GlobalSection(NestedProjects) = preSolution
		{2B1419CE-8CB5-4A14-ADA2-8D226EA7D8E3} = {FCC13442-B645-4EE1-8F05-9CEF4D96070F}
		{E04A45D8-9BE2-4B6B-B640-D347350647F3} = {FCC13442-B645-4EE1-8F05-9CEF4D96070F}
		{0ECD4A19-556A-4EC9-B2DE-2FA14426C696} = {FCC13442-B645-4EE1-8F05-9CEF4D96070F}
	EndGlobalSection
	GlobalSection(ExtensibilityGlobals) = postSolution
		SolutionGuid = {FC4CEE8F-BF82-4A1C-8941-85D0A4021432}
	EndGlobalSection
EndGlobal
